
Microsoft Visual Studio Solution File, Format Version 12.00
# Visual Studio Version 16
VisualStudioVersion = 16.0.29926.136
MinimumVisualStudioVersion = 10.0.40219.1
Project("{FAE04EC0-301F-11D3-BF4B-00C04F79EFBC}") = "Keypord_typing_project", "Keypord_typing_project.csproj", "{5746B5E4-1AD6-43DA-9877-F4AF19C638FE}"
EndProject
Global
	GlobalSection(SolutionConfigurationPlatforms) = preSolution
		Debug|Any CPU = Debug|Any CPU
		Release|Any CPU = Release|Any CPU
	EndGlobalSection
	GlobalSection(ProjectConfigurationPlatforms) = postSolution
		{5746B5E4-1AD6-43DA-9877-F4AF19C638FE}.Debug|Any CPU.ActiveCfg = Debug|Any CPU
		{5746B5E4-1AD6-43DA-9877-F4AF19C638FE}.Debug|Any CPU.Build.0 = Debug|Any CPU
		{5746B5E4-1AD6-43DA-9877-F4AF19C638FE}.Release|Any CPU.ActiveCfg = Release|Any CPU
		{5746B5E4-1AD6-43DA-9877-F4AF19C638FE}.Release|Any CPU.Build.0 = Release|Any CPU
	EndGlobalSection
	GlobalSection(SolutionProperties) = preSolution
		HideSolutionNode = FALSE
	EndGlobalSection
	GlobalSection(ExtensibilityGlobals) = postSolution
		SolutionGuid = {F388B1FB-E302-491B-994D-5E8AD1C6ECA8}
	EndGlobalSection
EndGlobal
